
Microsoft Visual Studio Solution File, Format Version 12.00
# Visual Studio Version 17
VisualStudioVersion = 17.7.34031.279
MinimumVisualStudioVersion = 10.0.40219.1
Project("{FAE04EC0-301F-11D3-BF4B-00C04F79EFBC}") = "Backend", "Backend\Backend.csproj", "{734C17F5-F8D6-4545-9894-52F8DD3BA5D7}"
EndProject
Project("{FAE04EC0-301F-11D3-BF4B-00C04F79EFBC}") = "Frontend", "Frontend\Frontend.csproj", "{3988BAE5-2D12-4AE4-B68C-1BCD9AD3BFCB}"
EndProject
Global
	GlobalSection(SolutionConfigurationPlatforms) = preSolution
		Debug|Any CPU = Debug|Any CPU
		Release|Any CPU = Release|Any CPU
	EndGlobalSection
	GlobalSection(ProjectConfigurationPlatforms) = postSolution
		{734C17F5-F8D6-4545-9894-52F8DD3BA5D7}.Debug|Any CPU.ActiveCfg = Debug|Any CPU
		{734C17F5-F8D6-4545-9894-52F8DD3BA5D7}.Debug|Any CPU.Build.0 = Debug|Any CPU
		{734C17F5-F8D6-4545-9894-52F8DD3BA5D7}.Release|Any CPU.ActiveCfg = Release|Any CPU
		{734C17F5-F8D6-4545-9894-52F8DD3BA5D7}.Release|Any CPU.Build.0 = Release|Any CPU
		{3988BAE5-2D12-4AE4-B68C-1BCD9AD3BFCB}.Debug|Any CPU.ActiveCfg = Debug|Any CPU
		{3988BAE5-2D12-4AE4-B68C-1BCD9AD3BFCB}.Debug|Any CPU.Build.0 = Debug|Any CPU
		{3988BAE5-2D12-4AE4-B68C-1BCD9AD3BFCB}.Release|Any CPU.ActiveCfg = Release|Any CPU
		{3988BAE5-2D12-4AE4-B68C-1BCD9AD3BFCB}.Release|Any CPU.Build.0 = Release|Any CPU
	EndGlobalSection
	GlobalSection(SolutionProperties) = preSolution
		HideSolutionNode = FALSE
	EndGlobalSection
	GlobalSection(ExtensibilityGlobals) = postSolution
		SolutionGuid = {4B66560D-28F9-41E7-9CAE-ED34183E5ADF}
	EndGlobalSection
EndGlobal
